{
  "requires": true,
  "lockfileVersion": 1,
  "dependencies": {
    "debugout.js": {
      "version": "1.0.0",
      "resolved": "https://registry.npmjs.org/debugout.js/-/debugout.js-1.0.0.tgz",
      "integrity": "sha512-TX5H4PhaSvX4W/X5YxlexAEQ9j+OixckbpaYANQi5Py8I+jUsxpn91Qn3ZoRGVJl61QjklIRnCqTr0zBWXQCDg=="
    }
  }
}
